// !$*UTF8*$!
{
	archiveVersion = 1;
	classes = {
	};
	objectVersion = 63;
	objects = {

/* Begin PBXBuildFile section */
		3736B4D82DD5A25200F92A75 /* AppDelegate.m in Sources */ = {isa = PBXBuildFile; fileRef = 3736B4CB2DD5A25200F92A75 /* AppDelegate.m */; };
		3736B4D92DD5A25200F92A75 /* main.m in Sources */ = {isa = PBXBuildFile; fileRef = 3736B4D02DD5A25200F92A75 /* main.m */; };
		3736B4DA2DD5A25200F92A75 /* SceneDelegate.m in Sources */ = {isa = PBXBuildFile; fileRef = 3736B4D42DD5A25200F92A75 /* SceneDelegate.m */; };
		3736B4DB2DD5A25200F92A75 /* ViewController.m in Sources */ = {isa = PBXBuildFile; fileRef = 3736B4D62DD5A25200F92A75 /* ViewController.m */; };
		3736B4DC2DD5A25200F92A75 /* Assets.xcassets in Resources */ = {isa = PBXBuildFile; fileRef = 3736B4CC2DD5A25200F92A75 /* Assets.xcassets */; };
		3736B4DE2DD5A25200F92A75 /* LaunchScreen.storyboard in Resources */ = {isa = PBXBuildFile; fileRef = 3736B4CF2DD5A25200F92A75 /* LaunchScreen.storyboard */; };
		3736B4DF2DD5A25200F92A75 /* Main.storyboard in Resources */ = {isa = PBXBuildFile; fileRef = 3736B4D22DD5A25200F92A75 /* Main.storyboard */; };
		37925A372DD5A6AD00195801 /* SYDBHelper.m in Sources */ = {isa = PBXBuildFile; fileRef = 37925A362DD5A6AD00195801 /* SYDBHelper.m */; };
		37925A3E2DD5A9C100195801 /* SYDBModel.m in Sources */ = {isa = PBXBuildFile; fileRef = 37925A3D2DD5A9C100195801 /* SYDBModel.m */; };
		37925A412DD6453800195801 /* Model1.m in Sources */ = {isa = PBXBuildFile; fileRef = 37925A402DD6453800195801 /* Model1.m */; };
		37925A4A2DD6457700195801 /* Model2.m in Sources */ = {isa = PBXBuildFile; fileRef = 37925A492DD6457700195801 /* Model2.m */; };
		AB444116E076C02755A6C8F5 /* Pods_SYDBHelperDemo.framework in Frameworks */ = {isa = PBXBuildFile; fileRef = 027AE599F6C9B9BB4C7D4BCD /* Pods_SYDBHelperDemo.framework */; };
/* End PBXBuildFile section */

/* Begin PBXFileReference section */
		027AE599F6C9B9BB4C7D4BCD /* Pods_SYDBHelperDemo.framework */ = {isa = PBXFileReference; explicitFileType = wrapper.framework; includeInIndex = 0; path = Pods_SYDBHelperDemo.framework; sourceTree = BUILT_PRODUCTS_DIR; };
		3736B4AD2DD5A24600F92A75 /* SYDBHelperDemo.app */ = {isa = PBXFileReference; explicitFileType = wrapper.application; includeInIndex = 0; path = SYDBHelperDemo.app; sourceTree = BUILT_PRODUCTS_DIR; };
		3736B4CA2DD5A25200F92A75 /* AppDelegate.h */ = {isa = PBXFileReference; lastKnownFileType = sourcecode.c.h; path = AppDelegate.h; sourceTree = "<group>"; };
		3736B4CB2DD5A25200F92A75 /* AppDelegate.m */ = {isa = PBXFileReference; lastKnownFileType = sourcecode.c.objc; path = AppDelegate.m; sourceTree = "<group>"; };
		3736B4CC2DD5A25200F92A75 /* Assets.xcassets */ = {isa = PBXFileReference; lastKnownFileType = folder.assetcatalog; path = Assets.xcassets; sourceTree = "<group>"; };
		3736B4CD2DD5A25200F92A75 /* Info.plist */ = {isa = PBXFileReference; lastKnownFileType = text.plist.xml; path = Info.plist; sourceTree = "<group>"; };
		3736B4CE2DD5A25200F92A75 /* Base */ = {isa = PBXFileReference; lastKnownFileType = file.storyboard; name = Base; path = Base.lproj/LaunchScreen.storyboard; sourceTree = "<group>"; };
		3736B4D02DD5A25200F92A75 /* main.m */ = {isa = PBXFileReference; lastKnownFileType = sourcecode.c.objc; path = main.m; sourceTree = "<group>"; };
		3736B4D12DD5A25200F92A75 /* Base */ = {isa = PBXFileReference; lastKnownFileType = file.storyboard; name = Base; path = Base.lproj/Main.storyboard; sourceTree = "<group>"; };
		3736B4D32DD5A25200F92A75 /* SceneDelegate.h */ = {isa = PBXFileReference; lastKnownFileType = sourcecode.c.h; path = SceneDelegate.h; sourceTree = "<group>"; };
		3736B4D42DD5A25200F92A75 /* SceneDelegate.m */ = {isa = PBXFileReference; lastKnownFileType = sourcecode.c.objc; path = SceneDelegate.m; sourceTree = "<group>"; };
		3736B4D52DD5A25200F92A75 /* ViewController.h */ = {isa = PBXFileReference; lastKnownFileType = sourcecode.c.h; path = ViewController.h; sourceTree = "<group>"; };
		3736B4D62DD5A25200F92A75 /* ViewController.m */ = {isa = PBXFileReference; lastKnownFileType = sourcecode.c.objc; path = ViewController.m; sourceTree = "<group>"; };
		37925A352DD5A6AD00195801 /* SYDBHelper.h */ = {isa = PBXFileReference; lastKnownFileType = sourcecode.c.h; path = SYDBHelper.h; sourceTree = "<group>"; };
		37925A362DD5A6AD00195801 /* SYDBHelper.m */ = {isa = PBXFileReference; lastKnownFileType = sourcecode.c.objc; path = SYDBHelper.m; sourceTree = "<group>"; };
		37925A3C2DD5A9C100195801 /* SYDBModel.h */ = {isa = PBXFileReference; lastKnownFileType = sourcecode.c.h; path = SYDBModel.h; sourceTree = "<group>"; };
		37925A3D2DD5A9C100195801 /* SYDBModel.m */ = {isa = PBXFileReference; lastKnownFileType = sourcecode.c.objc; path = SYDBModel.m; sourceTree = "<group>"; };
		37925A3F2DD6453800195801 /* Model1.h */ = {isa = PBXFileReference; lastKnownFileType = sourcecode.c.h; path = Model1.h; sourceTree = "<group>"; };
		37925A402DD6453800195801 /* Model1.m */ = {isa = PBXFileReference; lastKnownFileType = sourcecode.c.objc; path = Model1.m; sourceTree = "<group>"; };
		37925A482DD6457700195801 /* Model2.h */ = {isa = PBXFileReference; lastKnownFileType = sourcecode.c.h; path = Model2.h; sourceTree = "<group>"; };
		37925A492DD6457700195801 /* Model2.m */ = {isa = PBXFileReference; lastKnownFileType = sourcecode.c.objc; path = Model2.m; sourceTree = "<group>"; };
		55622A6E454566ED12D35D3C /* Pods-SYDBHelperDemo.release.xcconfig */ = {isa = PBXFileReference; includeInIndex = 1; lastKnownFileType = text.xcconfig; name = "Pods-SYDBHelperDemo.release.xcconfig"; path = "Target Support Files/Pods-SYDBHelperDemo/Pods-SYDBHelperDemo.release.xcconfig"; sourceTree = "<group>"; };
		BAD8716A02BFDBF0B03D2010 /* Pods-SYDBHelperDemo.debug.xcconfig */ = {isa = PBXFileReference; includeInIndex = 1; lastKnownFileType = text.xcconfig; name = "Pods-SYDBHelperDemo.debug.xcconfig"; path = "Target Support Files/Pods-SYDBHelperDemo/Pods-SYDBHelperDemo.debug.xcconfig"; sourceTree = "<group>"; };
/* End PBXFileReference section */

/* Begin PBXFrameworksBuildPhase section */
		3736B4AA2DD5A24600F92A75 /* Frameworks */ = {
			isa = PBXFrameworksBuildPhase;
			buildActionMask = 2147483647;
			files = (
				AB444116E076C02755A6C8F5 /* Pods_SYDBHelperDemo.framework in Frameworks */,
			);
			runOnlyForDeploymentPostprocessing = 0;
		};
/* End PBXFrameworksBuildPhase section */

/* Begin PBXGroup section */
		3736B4A42DD5A24600F92A75 = {
			isa = PBXGroup;
			children = (
				3736B4D72DD5A25200F92A75 /* SYDBHelperDemo */,
				3736B4AE2DD5A24600F92A75 /* Products */,
				BBDFA3C7FF6B9022BE8C87D0 /* Pods */,
				EEC263B6081365AD76C5F992 /* Frameworks */,
			);
			sourceTree = "<group>";
		};
		3736B4AE2DD5A24600F92A75 /* Products */ = {
			isa = PBXGroup;
			children = (
				3736B4AD2DD5A24600F92A75 /* SYDBHelperDemo.app */,
			);
			name = Products;
			sourceTree = "<group>";
		};
		3736B4D72DD5A25200F92A75 /* SYDBHelperDemo */ = {
			isa = PBXGroup;
			children = (
				3736B4E02DD5A28E00F92A75 /* SYDBHelper */,
				3736B4CA2DD5A25200F92A75 /* AppDelegate.h */,
				3736B4CB2DD5A25200F92A75 /* AppDelegate.m */,
				3736B4CC2DD5A25200F92A75 /* Assets.xcassets */,
				3736B4CD2DD5A25200F92A75 /* Info.plist */,
				3736B4CF2DD5A25200F92A75 /* LaunchScreen.storyboard */,
				3736B4D02DD5A25200F92A75 /* main.m */,
				3736B4D22DD5A25200F92A75 /* Main.storyboard */,
				3736B4D32DD5A25200F92A75 /* SceneDelegate.h */,
				3736B4D42DD5A25200F92A75 /* SceneDelegate.m */,
				3736B4D52DD5A25200F92A75 /* ViewController.h */,
				3736B4D62DD5A25200F92A75 /* ViewController.m */,
				37925A3F2DD6453800195801 /* Model1.h */,
				37925A402DD6453800195801 /* Model1.m */,
				37925A482DD6457700195801 /* Model2.h */,
				37925A492DD6457700195801 /* Model2.m */,
			);
			path = SYDBHelperDemo;
			sourceTree = "<group>";
		};
		3736B4E02DD5A28E00F92A75 /* SYDBHelper */ = {
			isa = PBXGroup;
			children = (
				37925A342DD5A67C00195801 /* LKDBHelper */,
			);
			path = SYDBHelper;
			sourceTree = "<group>";
		};
		37925A342DD5A67C00195801 /* LKDBHelper */ = {
			isa = PBXGroup;
			children = (
				37925A352DD5A6AD00195801 /* SYDBHelper.h */,
				37925A362DD5A6AD00195801 /* SYDBHelper.m */,
				37925A3C2DD5A9C100195801 /* SYDBModel.h */,
				37925A3D2DD5A9C100195801 /* SYDBModel.m */,
			);
			path = LKDBHelper;
			sourceTree = "<group>";
		};
		BBDFA3C7FF6B9022BE8C87D0 /* Pods */ = {
			isa = PBXGroup;
			children = (
				BAD8716A02BFDBF0B03D2010 /* Pods-SYDBHelperDemo.debug.xcconfig */,
				55622A6E454566ED12D35D3C /* Pods-SYDBHelperDemo.release.xcconfig */,
			);
			path = Pods;
			sourceTree = "<group>";
		};
		EEC263B6081365AD76C5F992 /* Frameworks */ = {
			isa = PBXGroup;
			children = (
				027AE599F6C9B9BB4C7D4BCD /* Pods_SYDBHelperDemo.framework */,
			);
			name = Frameworks;
			sourceTree = "<group>";
		};
/* End PBXGroup section */

/* Begin PBXNativeTarget section */
		3736B4AC2DD5A24600F92A75 /* SYDBHelperDemo */ = {
			isa = PBXNativeTarget;
			buildConfigurationList = 3736B4C52DD5A24700F92A75 /* Build configuration list for PBXNativeTarget "SYDBHelperDemo" */;
			buildPhases = (
				1A2E7EE0F6E8942B03375C31 /* [CP] Check Pods Manifest.lock */,
				3736B4A92DD5A24600F92A75 /* Sources */,
				3736B4AA2DD5A24600F92A75 /* Frameworks */,
				3736B4AB2DD5A24600F92A75 /* Resources */,
				CFCE24A934E212CF6B4D347B /* [CP] Embed Pods Frameworks */,
			);
			buildRules = (
			);
			dependencies = (
			);
			name = SYDBHelperDemo;
			productName = SYDBHelperDemo;
			productReference = 3736B4AD2DD5A24600F92A75 /* SYDBHelperDemo.app */;
			productType = "com.apple.product-type.application";
		};
/* End PBXNativeTarget section */

/* Begin PBXProject section */
		3736B4A52DD5A24600F92A75 /* Project object */ = {
			isa = PBXProject;
			attributes = {
				BuildIndependentTargetsInParallel = 1;
				LastUpgradeCheck = 1630;
				TargetAttributes = {
					3736B4AC2DD5A24600F92A75 = {
						CreatedOnToolsVersion = 16.3;
					};
				};
			};
			buildConfigurationList = 3736B4A82DD5A24600F92A75 /* Build configuration list for PBXProject "SYDBHelperDemo" */;
			compatibilityVersion = "Xcode 12.0";
			developmentRegion = en;
			hasScannedForEncodings = 0;
			knownRegions = (
				en,
				Base,
			);
			mainGroup = 3736B4A42DD5A24600F92A75;
			minimizedProjectReferenceProxies = 1;
			productRefGroup = 3736B4AE2DD5A24600F92A75 /* Products */;
			projectDirPath = "";
			projectRoot = "";
			targets = (
				3736B4AC2DD5A24600F92A75 /* SYDBHelperDemo */,
			);
		};
/* End PBXProject section */

/* Begin PBXResourcesBuildPhase section */
		3736B4AB2DD5A24600F92A75 /* Resources */ = {
			isa = PBXResourcesBuildPhase;
			buildActionMask = 2147483647;
			files = (
				3736B4DC2DD5A25200F92A75 /* Assets.xcassets in Resources */,
				3736B4DE2DD5A25200F92A75 /* LaunchScreen.storyboard in Resources */,
				3736B4DF2DD5A25200F92A75 /* Main.storyboard in Resources */,
			);
			runOnlyForDeploymentPostprocessing = 0;
		};
/* End PBXResourcesBuildPhase section */

/* Begin PBXShellScriptBuildPhase section */
		1A2E7EE0F6E8942B03375C31 /* [CP] Check Pods Manifest.lock */ = {
			isa = PBXShellScriptBuildPhase;
			buildActionMask = 2147483647;
			files = (
			);
			inputFileListPaths = (
			);
			inputPaths = (
				"${PODS_PODFILE_DIR_PATH}/Podfile.lock",
				"${PODS_ROOT}/Manifest.lock",
			);
			name = "[CP] Check Pods Manifest.lock";
			outputFileListPaths = (
			);
			outputPaths = (
				"$(DERIVED_FILE_DIR)/Pods-SYDBHelperDemo-checkManifestLockResult.txt",
			);
			runOnlyForDeploymentPostprocessing = 0;
			shellPath = /bin/sh;
			shellScript = "diff \"${PODS_PODFILE_DIR_PATH}/Podfile.lock\" \"${PODS_ROOT}/Manifest.lock\" > /dev/null\nif [ $? != 0 ] ; then\n    # print error to STDERR\n    echo \"error: The sandbox is not in sync with the Podfile.lock. Run 'pod install' or update your CocoaPods installation.\" >&2\n    exit 1\nfi\n# This output is used by Xcode 'outputs' to avoid re-running this script phase.\necho \"SUCCESS\" > \"${SCRIPT_OUTPUT_FILE_0}\"\n";
			showEnvVarsInLog = 0;
		};
		CFCE24A934E212CF6B4D347B /* [CP] Embed Pods Frameworks */ = {
			isa = PBXShellScriptBuildPhase;
			buildActionMask = 2147483647;
			files = (
			);
			inputFileListPaths = (
				"${PODS_ROOT}/Target Support Files/Pods-SYDBHelperDemo/Pods-SYDBHelperDemo-frameworks-${CONFIGURATION}-input-files.xcfilelist",
			);
			name = "[CP] Embed Pods Frameworks";
			outputFileListPaths = (
				"${PODS_ROOT}/Target Support Files/Pods-SYDBHelperDemo/Pods-SYDBHelperDemo-frameworks-${CONFIGURATION}-output-files.xcfilelist",
			);
			runOnlyForDeploymentPostprocessing = 0;
			shellPath = /bin/sh;
			shellScript = "\"${PODS_ROOT}/Target Support Files/Pods-SYDBHelperDemo/Pods-SYDBHelperDemo-frameworks.sh\"\n";
			showEnvVarsInLog = 0;
		};
/* End PBXShellScriptBuildPhase section */

/* Begin PBXSourcesBuildPhase section */
		3736B4A92DD5A24600F92A75 /* Sources */ = {
			isa = PBXSourcesBuildPhase;
			buildActionMask = 2147483647;
			files = (
				3736B4D82DD5A25200F92A75 /* AppDelegate.m in Sources */,
				3736B4D92DD5A25200F92A75 /* main.m in Sources */,
				3736B4DA2DD5A25200F92A75 /* SceneDelegate.m in Sources */,
				3736B4DB2DD5A25200F92A75 /* ViewController.m in Sources */,
				37925A3E2DD5A9C100195801 /* SYDBModel.m in Sources */,
				37925A412DD6453800195801 /* Model1.m in Sources */,
				37925A4A2DD6457700195801 /* Model2.m in Sources */,
				37925A372DD5A6AD00195801 /* SYDBHelper.m in Sources */,
			);
			runOnlyForDeploymentPostprocessing = 0;
		};
/* End PBXSourcesBuildPhase section */

/* Begin PBXVariantGroup section */
		3736B4CF2DD5A25200F92A75 /* LaunchScreen.storyboard */ = {
			isa = PBXVariantGroup;
			children = (
				3736B4CE2DD5A25200F92A75 /* Base */,
			);
			name = LaunchScreen.storyboard;
			sourceTree = "<group>";
		};
		3736B4D22DD5A25200F92A75 /* Main.storyboard */ = {
			isa = PBXVariantGroup;
			children = (
				3736B4D12DD5A25200F92A75 /* Base */,
			);
			name = Main.storyboard;
			sourceTree = "<group>";
		};
/* End PBXVariantGroup section */

/* Begin XCBuildConfiguration section */
		3736B4C62DD5A24700F92A75 /* Debug */ = {
			isa = XCBuildConfiguration;
			baseConfigurationReference = BAD8716A02BFDBF0B03D2010 /* Pods-SYDBHelperDemo.debug.xcconfig */;
			buildSettings = {
				ASSETCATALOG_COMPILER_APPICON_NAME = AppIcon;
				ASSETCATALOG_COMPILER_GLOBAL_ACCENT_COLOR_NAME = AccentColor;
				CODE_SIGN_STYLE = Automatic;
				CURRENT_PROJECT_VERSION = 1;
				DEVELOPMENT_TEAM = Z29545HWVP;
				ENABLE_USER_SCRIPT_SANDBOXING = NO;
				GENERATE_INFOPLIST_FILE = YES;
				INFOPLIST_FILE = SYDBHelperDemo/Info.plist;
				INFOPLIST_KEY_UIApplicationSupportsIndirectInputEvents = YES;
				INFOPLIST_KEY_UILaunchStoryboardName = LaunchScreen;
				INFOPLIST_KEY_UIMainStoryboardFile = Main;
				INFOPLIST_KEY_UISupportedInterfaceOrientations_iPad = "UIInterfaceOrientationPortrait UIInterfaceOrientationPortraitUpsideDown UIInterfaceOrientationLandscapeLeft UIInterfaceOrientationLandscapeRight";
				INFOPLIST_KEY_UISupportedInterfaceOrientations_iPhone = "UIInterfaceOrientationPortrait UIInterfaceOrientationLandscapeLeft UIInterfaceOrientationLandscapeRight";
				IPHONEOS_DEPLOYMENT_TARGET = 15.0;
				LD_RUNPATH_SEARCH_PATHS = (
					"$(inherited)",
					"@executable_path/Frameworks",
				);
				MARKETING_VERSION = 1.0;
				PRODUCT_BUNDLE_IDENTIFIER = yxlsu.SYDBHelperDemo;
				PRODUCT_NAME = "$(TARGET_NAME)";
				SWIFT_EMIT_LOC_STRINGS = YES;
				TARGETED_DEVICE_FAMILY = "1,2";
			};
			name = Debug;
		};
		3736B4C72DD5A24700F92A75 /* Release */ = {
			isa = XCBuildConfiguration;
			baseConfigurationReference = 55622A6E454566ED12D35D3C /* Pods-SYDBHelperDemo.release.xcconfig */;
			buildSettings = {
				ASSETCATALOG_COMPILER_APPICON_NAME = AppIcon;
				ASSETCATALOG_COMPILER_GLOBAL_ACCENT_COLOR_NAME = AccentColor;
				CODE_SIGN_STYLE = Automatic;
				CURRENT_PROJECT_VERSION = 1;
				DEVELOPMENT_TEAM = Z29545HWVP;
				ENABLE_USER_SCRIPT_SANDBOXING = NO;
				GENERATE_INFOPLIST_FILE = YES;
				INFOPLIST_FILE = SYDBHelperDemo/Info.plist;
				INFOPLIST_KEY_UIApplicationSupportsIndirectInputEvents = YES;
				INFOPLIST_KEY_UILaunchStoryboardName = LaunchScreen;
				INFOPLIST_KEY_UIMainStoryboardFile = Main;
				INFOPLIST_KEY_UISupportedInterfaceOrientations_iPad = "UIInterfaceOrientationPortrait UIInterfaceOrientationPortraitUpsideDown UIInterfaceOrientationLandscapeLeft UIInterfaceOrientationLandscapeRight";
				INFOPLIST_KEY_UISupportedInterfaceOrientations_iPhone = "UIInterfaceOrientationPortrait UIInterfaceOrientationLandscapeLeft UIInterfaceOrientationLandscapeRight";
				IPHONEOS_DEPLOYMENT_TARGET = 15.0;
				LD_RUNPATH_SEARCH_PATHS = (
					"$(inherited)",
					"@executable_path/Frameworks",
				);
				MARKETING_VERSION = 1.0;
				PRODUCT_BUNDLE_IDENTIFIER = yxlsu.SYDBHelperDemo;
				PRODUCT_NAME = "$(TARGET_NAME)";
				SWIFT_EMIT_LOC_STRINGS = YES;
				TARGETED_DEVICE_FAMILY = "1,2";
			};
			name = Release;
		};
		3736B4C82DD5A24700F92A75 /* Debug */ = {
			isa = XCBuildConfiguration;
			buildSettings = {
				ALWAYS_SEARCH_USER_PATHS = NO;
				ASSETCATALOG_COMPILER_GENERATE_SWIFT_ASSET_SYMBOL_EXTENSIONS = YES;
				CLANG_ANALYZER_NONNULL = YES;
				CLANG_ANALYZER_NUMBER_OBJECT_CONVERSION = YES_AGGRESSIVE;
				CLANG_CXX_LANGUAGE_STANDARD = "gnu++20";
				CLANG_ENABLE_MODULES = YES;
				CLANG_ENABLE_OBJC_ARC = YES;
				CLANG_ENABLE_OBJC_WEAK = YES;
				CLANG_WARN_BLOCK_CAPTURE_AUTORELEASING = YES;
				CLANG_WARN_BOOL_CONVERSION = YES;
				CLANG_WARN_COMMA = YES;
				CLANG_WARN_CONSTANT_CONVERSION = YES;
				CLANG_WARN_DEPRECATED_OBJC_IMPLEMENTATIONS = YES;
				CLANG_WARN_DIRECT_OBJC_ISA_USAGE = YES_ERROR;
				CLANG_WARN_DOCUMENTATION_COMMENTS = YES;
				CLANG_WARN_EMPTY_BODY = YES;
				CLANG_WARN_ENUM_CONVERSION = YES;
				CLANG_WARN_INFINITE_RECURSION = YES;
				CLANG_WARN_INT_CONVERSION = YES;
				CLANG_WARN_NON_LITERAL_NULL_CONVERSION = YES;
				CLANG_WARN_OBJC_IMPLICIT_RETAIN_SELF = YES;
				CLANG_WARN_OBJC_LITERAL_CONVERSION = YES;
				CLANG_WARN_OBJC_ROOT_CLASS = YES_ERROR;
				CLANG_WARN_QUOTED_INCLUDE_IN_FRAMEWORK_HEADER = YES;
				CLANG_WARN_RANGE_LOOP_ANALYSIS = YES;
				CLANG_WARN_STRICT_PROTOTYPES = YES;
				CLANG_WARN_SUSPICIOUS_MOVE = YES;
				CLANG_WARN_UNGUARDED_AVAILABILITY = YES_AGGRESSIVE;
				CLANG_WARN_UNREACHABLE_CODE = YES;
				CLANG_WARN__DUPLICATE_METHOD_MATCH = YES;
				COPY_PHASE_STRIP = NO;
				DEBUG_INFORMATION_FORMAT = dwarf;
				DEVELOPMENT_TEAM = PXQN2LE4R9;
				ENABLE_STRICT_OBJC_MSGSEND = YES;
				ENABLE_TESTABILITY = YES;
				ENABLE_USER_SCRIPT_SANDBOXING = YES;
				GCC_C_LANGUAGE_STANDARD = gnu17;
				GCC_DYNAMIC_NO_PIC = NO;
				GCC_NO_COMMON_BLOCKS = YES;
				GCC_OPTIMIZATION_LEVEL = 0;
				GCC_PREPROCESSOR_DEFINITIONS = (
					"DEBUG=1",
					"$(inherited)",
				);
				GCC_WARN_64_TO_32_BIT_CONVERSION = YES;
				GCC_WARN_ABOUT_RETURN_TYPE = YES_ERROR;
				GCC_WARN_UNDECLARED_SELECTOR = YES;
				GCC_WARN_UNINITIALIZED_AUTOS = YES_AGGRESSIVE;
				GCC_WARN_UNUSED_FUNCTION = YES;
				GCC_WARN_UNUSED_VARIABLE = YES;
				IPHONEOS_DEPLOYMENT_TARGET = 18.4;
				LOCALIZATION_PREFERS_STRING_CATALOGS = YES;
				MTL_ENABLE_DEBUG_INFO = INCLUDE_SOURCE;
				MTL_FAST_MATH = YES;
				ONLY_ACTIVE_ARCH = YES;
				SDKROOT = iphoneos;
			};
			name = Debug;
		};
		3736B4C92DD5A24700F92A75 /* Release */ = {
			isa = XCBuildConfiguration;
			buildSettings = {
				ALWAYS_SEARCH_USER_PATHS = NO;
				ASSETCATALOG_COMPILER_GENERATE_SWIFT_ASSET_SYMBOL_EXTENSIONS = YES;
				CLANG_ANALYZER_NONNULL = YES;
				CLANG_ANALYZER_NUMBER_OBJECT_CONVERSION = YES_AGGRESSIVE;
				CLANG_CXX_LANGUAGE_STANDARD = "gnu++20";
				CLANG_ENABLE_MODULES = YES;
				CLANG_ENABLE_OBJC_ARC = YES;
				CLANG_ENABLE_OBJC_WEAK = YES;
				CLANG_WARN_BLOCK_CAPTURE_AUTORELEASING = YES;
				CLANG_WARN_BOOL_CONVERSION = YES;
				CLANG_WARN_COMMA = YES;
				CLANG_WARN_CONSTANT_CONVERSION = YES;
				CLANG_WARN_DEPRECATED_OBJC_IMPLEMENTATIONS = YES;
				CLANG_WARN_DIRECT_OBJC_ISA_USAGE = YES_ERROR;
				CLANG_WARN_DOCUMENTATION_COMMENTS = YES;
				CLANG_WARN_EMPTY_BODY = YES;
				CLANG_WARN_ENUM_CONVERSION = YES;
				CLANG_WARN_INFINITE_RECURSION = YES;
				CLANG_WARN_INT_CONVERSION = YES;
				CLANG_WARN_NON_LITERAL_NULL_CONVERSION = YES;
				CLANG_WARN_OBJC_IMPLICIT_RETAIN_SELF = YES;
				CLANG_WARN_OBJC_LITERAL_CONVERSION = YES;
				CLANG_WARN_OBJC_ROOT_CLASS = YES_ERROR;
				CLANG_WARN_QUOTED_INCLUDE_IN_FRAMEWORK_HEADER = YES;
				CLANG_WARN_RANGE_LOOP_ANALYSIS = YES;
				CLANG_WARN_STRICT_PROTOTYPES = YES;
				CLANG_WARN_SUSPICIOUS_MOVE = YES;
				CLANG_WARN_UNGUARDED_AVAILABILITY = YES_AGGRESSIVE;
				CLANG_WARN_UNREACHABLE_CODE = YES;
				CLANG_WARN__DUPLICATE_METHOD_MATCH = YES;
				COPY_PHASE_STRIP = NO;
				DEBUG_INFORMATION_FORMAT = "dwarf-with-dsym";
				DEVELOPMENT_TEAM = PXQN2LE4R9;
				ENABLE_NS_ASSERTIONS = NO;
				ENABLE_STRICT_OBJC_MSGSEND = YES;
				ENABLE_USER_SCRIPT_SANDBOXING = YES;
				GCC_C_LANGUAGE_STANDARD = gnu17;
				GCC_NO_COMMON_BLOCKS = YES;
				GCC_WARN_64_TO_32_BIT_CONVERSION = YES;
				GCC_WARN_ABOUT_RETURN_TYPE = YES_ERROR;
				GCC_WARN_UNDECLARED_SELECTOR = YES;
				GCC_WARN_UNINITIALIZED_AUTOS = YES_AGGRESSIVE;
				GCC_WARN_UNUSED_FUNCTION = YES;
				GCC_WARN_UNUSED_VARIABLE = YES;
				IPHONEOS_DEPLOYMENT_TARGET = 18.4;
				LOCALIZATION_PREFERS_STRING_CATALOGS = YES;
				MTL_ENABLE_DEBUG_INFO = NO;
				MTL_FAST_MATH = YES;
				SDKROOT = iphoneos;
				VALIDATE_PRODUCT = YES;
			};
			name = Release;
		};
/* End XCBuildConfiguration section */

/* Begin XCConfigurationList section */
		3736B4A82DD5A24600F92A75 /* Build configuration list for PBXProject "SYDBHelperDemo" */ = {
			isa = XCConfigurationList;
			buildConfigurations = (
				3736B4C82DD5A24700F92A75 /* Debug */,
				3736B4C92DD5A24700F92A75 /* Release */,
			);
			defaultConfigurationIsVisible = 0;
			defaultConfigurationName = Release;
		};
		3736B4C52DD5A24700F92A75 /* Build configuration list for PBXNativeTarget "SYDBHelperDemo" */ = {
			isa = XCConfigurationList;
			buildConfigurations = (
				3736B4C62DD5A24700F92A75 /* Debug */,
				3736B4C72DD5A24700F92A75 /* Release */,
			);
			defaultConfigurationIsVisible = 0;
			defaultConfigurationName = Release;
		};
/* End XCConfigurationList section */
	};
	rootObject = 3736B4A52DD5A24600F92A75 /* Project object */;
}
